
Microsoft Visual Studio Solution File, Format Version 12.00
# Visual Studio 2013
VisualStudioVersion = 12.0.40629.0
MinimumVisualStudioVersion = 10.0.40219.1
Project("{FAE04EC0-301F-11D3-BF4B-00C04F79EFBC}") = "PostCodeValidation", "PostCodeValidation\PostCodeValidation.csproj", "{D4552697-A24E-458D-A5EA-36E99B67B4ED}"
EndProject
Project("{FAE04EC0-301F-11D3-BF4B-00C04F79EFBC}") = "UnitTests", "UnitTests\UnitTests.csproj", "{F40E84FE-26C0-4E71-B4AC-7DC7040E673F}"
	ProjectSection(ProjectDependencies) = postProject
		{D4552697-A24E-458D-A5EA-36E99B67B4ED} = {D4552697-A24E-458D-A5EA-36E99B67B4ED}
	EndProjectSection
EndProject
Global
	GlobalSection(SubversionScc) = preSolution
		Svn-Managed = True
		Manager = AnkhSVN - Subversion Support for Visual Studio
	EndGlobalSection
	GlobalSection(SolutionConfigurationPlatforms) = preSolution
		Debug|Any CPU = Debug|Any CPU
		Release|Any CPU = Release|Any CPU
	EndGlobalSection
	GlobalSection(ProjectConfigurationPlatforms) = postSolution
		{D4552697-A24E-458D-A5EA-36E99B67B4ED}.Debug|Any CPU.ActiveCfg = Debug|Any CPU
		{D4552697-A24E-458D-A5EA-36E99B67B4ED}.Debug|Any CPU.Build.0 = Debug|Any CPU
		{D4552697-A24E-458D-A5EA-36E99B67B4ED}.Release|Any CPU.ActiveCfg = Release|Any CPU
		{D4552697-A24E-458D-A5EA-36E99B67B4ED}.Release|Any CPU.Build.0 = Release|Any CPU
		{F40E84FE-26C0-4E71-B4AC-7DC7040E673F}.Debug|Any CPU.ActiveCfg = Debug|Any CPU
		{F40E84FE-26C0-4E71-B4AC-7DC7040E673F}.Debug|Any CPU.Build.0 = Debug|Any CPU
		{F40E84FE-26C0-4E71-B4AC-7DC7040E673F}.Release|Any CPU.ActiveCfg = Release|Any CPU
		{F40E84FE-26C0-4E71-B4AC-7DC7040E673F}.Release|Any CPU.Build.0 = Release|Any CPU
	EndGlobalSection
	GlobalSection(SolutionProperties) = preSolution
		HideSolutionNode = FALSE
	EndGlobalSection
EndGlobal
